
Microsoft Visual Studio Solution File, Format Version 12.00
# Visual Studio Version 17
VisualStudioVersion = 17.13.35913.81 d17.13
MinimumVisualStudioVersion = 10.0.40219.1
Project("{FAE04EC0-301F-11D3-BF4B-00C04F79EFBC}") = "WeatherFunctionApp", "WeatherFunctionApp.csproj", "{FB09F373-30DE-4BAD-ADCB-A77400EE36DB}"
EndProject
Global
	GlobalSection(SolutionConfigurationPlatforms) = preSolution
		Debug|Any CPU = Debug|Any CPU
		Release|Any CPU = Release|Any CPU
	EndGlobalSection
	GlobalSection(ProjectConfigurationPlatforms) = postSolution
		{FB09F373-30DE-4BAD-ADCB-A77400EE36DB}.Debug|Any CPU.ActiveCfg = Debug|Any CPU
		{FB09F373-30DE-4BAD-ADCB-A77400EE36DB}.Debug|Any CPU.Build.0 = Debug|Any CPU
		{FB09F373-30DE-4BAD-ADCB-A77400EE36DB}.Release|Any CPU.ActiveCfg = Release|Any CPU
		{FB09F373-30DE-4BAD-ADCB-A77400EE36DB}.Release|Any CPU.Build.0 = Release|Any CPU
	EndGlobalSection
	GlobalSection(SolutionProperties) = preSolution
		HideSolutionNode = FALSE
	EndGlobalSection
	GlobalSection(ExtensibilityGlobals) = postSolution
		SolutionGuid = {B1E65CEC-4A47-47AF-AF9D-5CF450EFF281}
	EndGlobalSection
EndGlobal
